
Microsoft Visual Studio Solution File, Format Version 12.00
# Visual Studio Version 16
VisualStudioVersion = 16.0.30503.244
MinimumVisualStudioVersion = 10.0.40219.1
Project("{FAE04EC0-301F-11D3-BF4B-00C04F79EFBC}") = "COFFEEMANGE", "COFFEEMANGE\COFFEEMANGE.csproj", "{A72EE2B6-3B2C-48CA-A4A3-467907BDCBBD}"
EndProject
Global
	GlobalSection(SolutionConfigurationPlatforms) = preSolution
		Debug|Any CPU = Debug|Any CPU
		Release|Any CPU = Release|Any CPU
	EndGlobalSection
	GlobalSection(ProjectConfigurationPlatforms) = postSolution
		{A72EE2B6-3B2C-48CA-A4A3-467907BDCBBD}.Debug|Any CPU.ActiveCfg = Debug|Any CPU
		{A72EE2B6-3B2C-48CA-A4A3-467907BDCBBD}.Debug|Any CPU.Build.0 = Debug|Any CPU
		{A72EE2B6-3B2C-48CA-A4A3-467907BDCBBD}.Release|Any CPU.ActiveCfg = Release|Any CPU
		{A72EE2B6-3B2C-48CA-A4A3-467907BDCBBD}.Release|Any CPU.Build.0 = Release|Any CPU
	EndGlobalSection
	GlobalSection(SolutionProperties) = preSolution
		HideSolutionNode = FALSE
	EndGlobalSection
	GlobalSection(ExtensibilityGlobals) = postSolution
		SolutionGuid = {857F682E-6346-480A-BD3F-9840B6638872}
	EndGlobalSection
EndGlobal
